
Microsoft Visual Studio Solution File, Format Version 12.00
# Visual Studio Version 16
VisualStudioVersion = 16.0.30011.22
MinimumVisualStudioVersion = 10.0.40219.1
Project("{FAE04EC0-301F-11D3-BF4B-00C04F79EFBC}") = "LabObr2", "LabObr2.csproj", "{B111AB21-99A0-4CE1-BB6D-2E415A0971CC}"
EndProject
Global
	GlobalSection(SolutionConfigurationPlatforms) = preSolution
		Debug|Any CPU = Debug|Any CPU
		Release|Any CPU = Release|Any CPU
	EndGlobalSection
	GlobalSection(ProjectConfigurationPlatforms) = postSolution
		{B111AB21-99A0-4CE1-BB6D-2E415A0971CC}.Debug|Any CPU.ActiveCfg = Debug|Any CPU
		{B111AB21-99A0-4CE1-BB6D-2E415A0971CC}.Debug|Any CPU.Build.0 = Debug|Any CPU
		{B111AB21-99A0-4CE1-BB6D-2E415A0971CC}.Release|Any CPU.ActiveCfg = Release|Any CPU
		{B111AB21-99A0-4CE1-BB6D-2E415A0971CC}.Release|Any CPU.Build.0 = Release|Any CPU
	EndGlobalSection
	GlobalSection(SolutionProperties) = preSolution
		HideSolutionNode = FALSE
	EndGlobalSection
	GlobalSection(ExtensibilityGlobals) = postSolution
		SolutionGuid = {B5F430D3-D841-4872-9F0D-A752E680F677}
	EndGlobalSection
EndGlobal
