
Microsoft Visual Studio Solution File, Format Version 12.00
# Visual Studio Version 16
VisualStudioVersion = 16.0.28803.352
MinimumVisualStudioVersion = 10.0.40219.1
Project("{FAE04EC0-301F-11D3-BF4B-00C04F79EFBC}") = "Obr5", "Obr5\Obr5.csproj", "{89CE9CFC-78A2-4232-B98E-B6E59271602C}"
EndProject
Global
	GlobalSection(SolutionConfigurationPlatforms) = preSolution
		Debug|Any CPU = Debug|Any CPU
		Release|Any CPU = Release|Any CPU
	EndGlobalSection
	GlobalSection(ProjectConfigurationPlatforms) = postSolution
		{89CE9CFC-78A2-4232-B98E-B6E59271602C}.Debug|Any CPU.ActiveCfg = Debug|Any CPU
		{89CE9CFC-78A2-4232-B98E-B6E59271602C}.Debug|Any CPU.Build.0 = Debug|Any CPU
		{89CE9CFC-78A2-4232-B98E-B6E59271602C}.Release|Any CPU.ActiveCfg = Release|Any CPU
		{89CE9CFC-78A2-4232-B98E-B6E59271602C}.Release|Any CPU.Build.0 = Release|Any CPU
	EndGlobalSection
	GlobalSection(SolutionProperties) = preSolution
		HideSolutionNode = FALSE
	EndGlobalSection
	GlobalSection(ExtensibilityGlobals) = postSolution
		SolutionGuid = {79A1131D-09DF-4688-AFE7-2116058902CD}
	EndGlobalSection
EndGlobal
