
Microsoft Visual Studio Solution File, Format Version 12.00
# Visual Studio Version 16
VisualStudioVersion = 16.0.30011.22
MinimumVisualStudioVersion = 10.0.40219.1
Project("{FAE04EC0-301F-11D3-BF4B-00C04F79EFBC}") = "Obr6", "Obr6\Obr6.csproj", "{7AB27FF8-61A4-43B7-A585-62B8A040B1F0}"
EndProject
Global
	GlobalSection(SolutionConfigurationPlatforms) = preSolution
		Debug|Any CPU = Debug|Any CPU
		Release|Any CPU = Release|Any CPU
	EndGlobalSection
	GlobalSection(ProjectConfigurationPlatforms) = postSolution
		{7AB27FF8-61A4-43B7-A585-62B8A040B1F0}.Debug|Any CPU.ActiveCfg = Debug|Any CPU
		{7AB27FF8-61A4-43B7-A585-62B8A040B1F0}.Debug|Any CPU.Build.0 = Debug|Any CPU
		{7AB27FF8-61A4-43B7-A585-62B8A040B1F0}.Release|Any CPU.ActiveCfg = Release|Any CPU
		{7AB27FF8-61A4-43B7-A585-62B8A040B1F0}.Release|Any CPU.Build.0 = Release|Any CPU
	EndGlobalSection
	GlobalSection(SolutionProperties) = preSolution
		HideSolutionNode = FALSE
	EndGlobalSection
	GlobalSection(ExtensibilityGlobals) = postSolution
		SolutionGuid = {ADD6DE6A-CB37-4EA1-BBCD-D40DFDC5B8B1}
	EndGlobalSection
EndGlobal
